
Microsoft Visual Studio Solution File, Format Version 12.00
# Visual Studio 2012
Project("{FAE04EC0-301F-11D3-BF4B-00C04F79EFBC}") = "ConsoleTest", "ConsoleTest\ConsoleTest.csproj", "{FBF266FA-61E6-4EE0-8E20-9AD185568D7B}"
EndProject
Project("{FAE04EC0-301F-11D3-BF4B-00C04F79EFBC}") = "UnitTest", "UnitTest\UnitTest.csproj", "{68382723-F430-41A0-B672-1707BBA455C3}"
EndProject
Global
	GlobalSection(SolutionConfigurationPlatforms) = preSolution
		Debug|Any CPU = Debug|Any CPU
		Release|Any CPU = Release|Any CPU
	EndGlobalSection
	GlobalSection(ProjectConfigurationPlatforms) = postSolution
		{FBF266FA-61E6-4EE0-8E20-9AD185568D7B}.Debug|Any CPU.ActiveCfg = Debug|Any CPU
		{FBF266FA-61E6-4EE0-8E20-9AD185568D7B}.Debug|Any CPU.Build.0 = Debug|Any CPU
		{FBF266FA-61E6-4EE0-8E20-9AD185568D7B}.Release|Any CPU.ActiveCfg = Release|Any CPU
		{FBF266FA-61E6-4EE0-8E20-9AD185568D7B}.Release|Any CPU.Build.0 = Release|Any CPU
		{68382723-F430-41A0-B672-1707BBA455C3}.Debug|Any CPU.ActiveCfg = Debug|Any CPU
		{68382723-F430-41A0-B672-1707BBA455C3}.Debug|Any CPU.Build.0 = Debug|Any CPU
		{68382723-F430-41A0-B672-1707BBA455C3}.Release|Any CPU.ActiveCfg = Release|Any CPU
		{68382723-F430-41A0-B672-1707BBA455C3}.Release|Any CPU.Build.0 = Release|Any CPU
	EndGlobalSection
	GlobalSection(SolutionProperties) = preSolution
		HideSolutionNode = FALSE
	EndGlobalSection
EndGlobal
